# This file is automatically @generated by Cargo.
# It is not intended for manual editing.
version = 3

[[package]]
name = "lilypond-midi"
version = "0.1.0"
dependencies = [
 "portmidi",
]

[[package]]
name = "portmidi"
version = "0.3.0"
source = "registry+https://github.com/rust-lang/crates.io-index"
checksum = "570122f94cf7e7a031169276220c67d00df1ea694894e0d3db47957555080dcb"
